// !$*UTF8*$!
{
	archiveVersion = 1;
	classes = {
	};
	objectVersion = 46;
	objects = {

/* Begin PBXBuildFile section */
		5529120D1B9397D000A6E12D /* libncurses.dylib in Frameworks */ = {isa = PBXBuildFile; fileRef = 5529120C1B9397D000A6E12D /* libncurses.dylib */; };
		558CA4491B94E8CD0086A4B6 /* ai.cpp in Sources */ = {isa = PBXBuildFile; fileRef = 558CA4481B94E8CD0086A4B6 /* ai.cpp */; };
		558CA44D1B94EA830086A4B6 /* display.cpp in Sources */ = {isa = PBXBuildFile; fileRef = 558CA44B1B94EA830086A4B6 /* display.cpp */; };
		55BCD7C61B8F65F600DE5848 /* main.cpp in Sources */ = {isa = PBXBuildFile; fileRef = 55BCD7C41B8F65F600DE5848 /* main.cpp */; };
		55CE752E1B8CA53B00C92D90 /* neutrino.cpp in Sources */ = {isa = PBXBuildFile; fileRef = 55CE752D1B8CA53B00C92D90 /* neutrino.cpp */; };
/* End PBXBuildFile section */

/* Begin PBXCopyFilesBuildPhase section */
		55CE75281B8CA53B00C92D90 /* CopyFiles */ = {
			isa = PBXCopyFilesBuildPhase;
			buildActionMask = 2147483647;
			dstPath = /usr/share/man/man1/;
			dstSubfolderSpec = 0;
			files = (
			);
			runOnlyForDeploymentPostprocessing = 1;
		};
/* End PBXCopyFilesBuildPhase section */

/* Begin PBXFileReference section */
		5529120C1B9397D000A6E12D /* libncurses.dylib */ = {isa = PBXFileReference; lastKnownFileType = "compiled.mach-o.dylib"; name = libncurses.dylib; path = usr/lib/libncurses.dylib; sourceTree = SDKROOT; };
		558CA4461B94E7D70086A4B6 /* neutrino.h */ = {isa = PBXFileReference; lastKnownFileType = sourcecode.c.h; path = neutrino.h; sourceTree = "<group>"; };
		558CA4471B94E8170086A4B6 /* macros.h */ = {isa = PBXFileReference; lastKnownFileType = sourcecode.c.h; path = macros.h; sourceTree = "<group>"; };
		558CA4481B94E8CD0086A4B6 /* ai.cpp */ = {isa = PBXFileReference; fileEncoding = 4; lastKnownFileType = sourcecode.cpp.cpp; path = ai.cpp; sourceTree = "<group>"; };
		558CA44A1B94E8D40086A4B6 /* ai.h */ = {isa = PBXFileReference; lastKnownFileType = sourcecode.c.h; path = ai.h; sourceTree = "<group>"; };
		558CA44B1B94EA830086A4B6 /* display.cpp */ = {isa = PBXFileReference; fileEncoding = 4; lastKnownFileType = sourcecode.cpp.cpp; path = display.cpp; sourceTree = "<group>"; };
		558CA44C1B94EA830086A4B6 /* display.h */ = {isa = PBXFileReference; fileEncoding = 4; lastKnownFileType = sourcecode.c.h; path = display.h; sourceTree = "<group>"; };
		55BCD7C41B8F65F600DE5848 /* main.cpp */ = {isa = PBXFileReference; fileEncoding = 4; lastKnownFileType = sourcecode.cpp.cpp; path = main.cpp; sourceTree = "<group>"; };
		55CE752A1B8CA53B00C92D90 /* neutrino */ = {isa = PBXFileReference; explicitFileType = "compiled.mach-o.executable"; includeInIndex = 0; path = neutrino; sourceTree = BUILT_PRODUCTS_DIR; };
		55CE752D1B8CA53B00C92D90 /* neutrino.cpp */ = {isa = PBXFileReference; lastKnownFileType = sourcecode.cpp.cpp; path = neutrino.cpp; sourceTree = "<group>"; };
/* End PBXFileReference section */

/* Begin PBXFrameworksBuildPhase section */
		55CE75271B8CA53B00C92D90 /* Frameworks */ = {
			isa = PBXFrameworksBuildPhase;
			buildActionMask = 2147483647;
			files = (
				5529120D1B9397D000A6E12D /* libncurses.dylib in Frameworks */,
			);
			runOnlyForDeploymentPostprocessing = 0;
		};
/* End PBXFrameworksBuildPhase section */

/* Begin PBXGroup section */
		55CE75211B8CA53B00C92D90 = {
			isa = PBXGroup;
			children = (
				5529120C1B9397D000A6E12D /* libncurses.dylib */,
				55CE752C1B8CA53B00C92D90 /* neutrino */,
				55CE752B1B8CA53B00C92D90 /* Products */,
			);
			sourceTree = "<group>";
		};
		55CE752B1B8CA53B00C92D90 /* Products */ = {
			isa = PBXGroup;
			children = (
				55CE752A1B8CA53B00C92D90 /* neutrino */,
			);
			name = Products;
			sourceTree = "<group>";
		};
		55CE752C1B8CA53B00C92D90 /* neutrino */ = {
			isa = PBXGroup;
			children = (
				558CA4471B94E8170086A4B6 /* macros.h */,
				558CA4461B94E7D70086A4B6 /* neutrino.h */,
				55CE752D1B8CA53B00C92D90 /* neutrino.cpp */,
				558CA44A1B94E8D40086A4B6 /* ai.h */,
				558CA4481B94E8CD0086A4B6 /* ai.cpp */,
				558CA44C1B94EA830086A4B6 /* display.h */,
				558CA44B1B94EA830086A4B6 /* display.cpp */,
				55BCD7C41B8F65F600DE5848 /* main.cpp */,
			);
			path = neutrino;
			sourceTree = "<group>";
		};
/* End PBXGroup section */

/* Begin PBXNativeTarget section */
		55CE75291B8CA53B00C92D90 /* neutrino */ = {
			isa = PBXNativeTarget;
			buildConfigurationList = 55CE75311B8CA53B00C92D90 /* Build configuration list for PBXNativeTarget "neutrino" */;
			buildPhases = (
				55CE75261B8CA53B00C92D90 /* Sources */,
				55CE75271B8CA53B00C92D90 /* Frameworks */,
				55CE75281B8CA53B00C92D90 /* CopyFiles */,
				558CA4421B9480C50086A4B6 /* ShellScript */,
			);
			buildRules = (
			);
			dependencies = (
			);
			name = neutrino;
			productName = neutrino;
			productReference = 55CE752A1B8CA53B00C92D90 /* neutrino */;
			productType = "com.apple.product-type.tool";
		};
/* End PBXNativeTarget section */

/* Begin PBXProject section */
		55CE75221B8CA53B00C92D90 /* Project object */ = {
			isa = PBXProject;
			attributes = {
				LastUpgradeCheck = 0640;
				ORGANIZATIONNAME = "Asger Hautop Drewsen";
				TargetAttributes = {
					55CE75291B8CA53B00C92D90 = {
						CreatedOnToolsVersion = 6.4;
					};
				};
			};
			buildConfigurationList = 55CE75251B8CA53B00C92D90 /* Build configuration list for PBXProject "neutrino" */;
			compatibilityVersion = "Xcode 3.2";
			developmentRegion = English;
			hasScannedForEncodings = 0;
			knownRegions = (
				en,
			);
			mainGroup = 55CE75211B8CA53B00C92D90;
			productRefGroup = 55CE752B1B8CA53B00C92D90 /* Products */;
			projectDirPath = "";
			projectRoot = "";
			targets = (
				55CE75291B8CA53B00C92D90 /* neutrino */,
			);
		};
/* End PBXProject section */

/* Begin PBXShellScriptBuildPhase section */
		558CA4421B9480C50086A4B6 /* ShellScript */ = {
			isa = PBXShellScriptBuildPhase;
			buildActionMask = 2147483647;
			files = (
			);
			inputPaths = (
			);
			outputPaths = (
			);
			runOnlyForDeploymentPostprocessing = 0;
			shellPath = /bin/sh;
			shellScript = "open -a iTerm \"$TARGET_BUILD_DIR/$TARGET_NAME\"";
		};
/* End PBXShellScriptBuildPhase section */

/* Begin PBXSourcesBuildPhase section */
		55CE75261B8CA53B00C92D90 /* Sources */ = {
			isa = PBXSourcesBuildPhase;
			buildActionMask = 2147483647;
			files = (
				55BCD7C61B8F65F600DE5848 /* main.cpp in Sources */,
				558CA4491B94E8CD0086A4B6 /* ai.cpp in Sources */,
				558CA44D1B94EA830086A4B6 /* display.cpp in Sources */,
				55CE752E1B8CA53B00C92D90 /* neutrino.cpp in Sources */,
			);
			runOnlyForDeploymentPostprocessing = 0;
		};
/* End PBXSourcesBuildPhase section */

/* Begin XCBuildConfiguration section */
		55CE752F1B8CA53B00C92D90 /* Debug */ = {
			isa = XCBuildConfiguration;
			buildSettings = {
				ALWAYS_SEARCH_USER_PATHS = NO;
				CLANG_CXX_LANGUAGE_STANDARD = "gnu++0x";
				CLANG_CXX_LIBRARY = "libc++";
				CLANG_ENABLE_MODULES = YES;
				CLANG_ENABLE_OBJC_ARC = YES;
				CLANG_WARN_BOOL_CONVERSION = YES;
				CLANG_WARN_CONSTANT_CONVERSION = YES;
				CLANG_WARN_DIRECT_OBJC_ISA_USAGE = YES_ERROR;
				CLANG_WARN_EMPTY_BODY = YES;
				CLANG_WARN_ENUM_CONVERSION = YES;
				CLANG_WARN_INT_CONVERSION = YES;
				CLANG_WARN_OBJC_ROOT_CLASS = YES_ERROR;
				CLANG_WARN_UNREACHABLE_CODE = YES;
				CLANG_WARN__DUPLICATE_METHOD_MATCH = YES;
				COPY_PHASE_STRIP = NO;
				DEBUG_INFORMATION_FORMAT = dwarf;
				ENABLE_STRICT_OBJC_MSGSEND = YES;
				GCC_C_LANGUAGE_STANDARD = gnu99;
				GCC_DYNAMIC_NO_PIC = NO;
				GCC_NO_COMMON_BLOCKS = YES;
				GCC_OPTIMIZATION_LEVEL = 0;
				GCC_PREPROCESSOR_DEFINITIONS = (
					"DEBUG=1",
					"$(inherited)",
				);
				GCC_SYMBOLS_PRIVATE_EXTERN = NO;
				GCC_WARN_64_TO_32_BIT_CONVERSION = YES;
				GCC_WARN_ABOUT_RETURN_TYPE = YES_ERROR;
				GCC_WARN_UNDECLARED_SELECTOR = YES;
				GCC_WARN_UNINITIALIZED_AUTOS = YES_AGGRESSIVE;
				GCC_WARN_UNUSED_FUNCTION = YES;
				GCC_WARN_UNUSED_VARIABLE = YES;
				MACOSX_DEPLOYMENT_TARGET = 10.10;
				MTL_ENABLE_DEBUG_INFO = YES;
				ONLY_ACTIVE_ARCH = YES;
				SDKROOT = macosx;
			};
			name = Debug;
		};
		55CE75301B8CA53B00C92D90 /* Release */ = {
			isa = XCBuildConfiguration;
			buildSettings = {
				ALWAYS_SEARCH_USER_PATHS = NO;
				CLANG_CXX_LANGUAGE_STANDARD = "gnu++0x";
				CLANG_CXX_LIBRARY = "libc++";
				CLANG_ENABLE_MODULES = YES;
				CLANG_ENABLE_OBJC_ARC = YES;
				CLANG_WARN_BOOL_CONVERSION = YES;
				CLANG_WARN_CONSTANT_CONVERSION = YES;
				CLANG_WARN_DIRECT_OBJC_ISA_USAGE = YES_ERROR;
				CLANG_WARN_EMPTY_BODY = YES;
				CLANG_WARN_ENUM_CONVERSION = YES;
				CLANG_WARN_INT_CONVERSION = YES;
				CLANG_WARN_OBJC_ROOT_CLASS = YES_ERROR;
				CLANG_WARN_UNREACHABLE_CODE = YES;
				CLANG_WARN__DUPLICATE_METHOD_MATCH = YES;
				COPY_PHASE_STRIP = NO;
				DEBUG_INFORMATION_FORMAT = "dwarf-with-dsym";
				ENABLE_NS_ASSERTIONS = NO;
				ENABLE_STRICT_OBJC_MSGSEND = YES;
				GCC_C_LANGUAGE_STANDARD = gnu99;
				GCC_NO_COMMON_BLOCKS = YES;
				GCC_WARN_64_TO_32_BIT_CONVERSION = YES;
				GCC_WARN_ABOUT_RETURN_TYPE = YES_ERROR;
				GCC_WARN_UNDECLARED_SELECTOR = YES;
				GCC_WARN_UNINITIALIZED_AUTOS = YES_AGGRESSIVE;
				GCC_WARN_UNUSED_FUNCTION = YES;
				GCC_WARN_UNUSED_VARIABLE = YES;
				MACOSX_DEPLOYMENT_TARGET = 10.10;
				MTL_ENABLE_DEBUG_INFO = NO;
				SDKROOT = macosx;
			};
			name = Release;
		};
		55CE75321B8CA53B00C92D90 /* Debug */ = {
			isa = XCBuildConfiguration;
			buildSettings = {
				PRODUCT_NAME = "$(TARGET_NAME)";
			};
			name = Debug;
		};
		55CE75331B8CA53B00C92D90 /* Release */ = {
			isa = XCBuildConfiguration;
			buildSettings = {
				PRODUCT_NAME = "$(TARGET_NAME)";
			};
			name = Release;
		};
/* End XCBuildConfiguration section */

/* Begin XCConfigurationList section */
		55CE75251B8CA53B00C92D90 /* Build configuration list for PBXProject "neutrino" */ = {
			isa = XCConfigurationList;
			buildConfigurations = (
				55CE752F1B8CA53B00C92D90 /* Debug */,
				55CE75301B8CA53B00C92D90 /* Release */,
			);
			defaultConfigurationIsVisible = 0;
			defaultConfigurationName = Release;
		};
		55CE75311B8CA53B00C92D90 /* Build configuration list for PBXNativeTarget "neutrino" */ = {
			isa = XCConfigurationList;
			buildConfigurations = (
				55CE75321B8CA53B00C92D90 /* Debug */,
				55CE75331B8CA53B00C92D90 /* Release */,
			);
			defaultConfigurationIsVisible = 0;
			defaultConfigurationName = Release;
		};
/* End XCConfigurationList section */
	};
	rootObject = 55CE75221B8CA53B00C92D90 /* Project object */;
}
